// !$*UTF8*$!
{
	archiveVersion = 1;
	classes = {
	};
	objectVersion = 56;
	objects = {

/* Begin PBXBuildFile section */
		4308D0492970034700358708 /* SnapColorApp.swift in Sources */ = {isa = PBXBuildFile; fileRef = 4308D0482970034700358708 /* SnapColorApp.swift */; };
		4308D04B2970034700358708 /* ContentView.swift in Sources */ = {isa = PBXBuildFile; fileRef = 4308D04A2970034700358708 /* ContentView.swift */; };
		4353D0D129700B62008C09DC /* Localizable.strings in Resources */ = {isa = PBXBuildFile; fileRef = 4353D0C229700B62008C09DC /* Localizable.strings */; };
		4353D0DA29700B8E008C09DC /* Splash.swift in Sources */ = {isa = PBXBuildFile; fileRef = 4353D0D929700B8E008C09DC /* Splash.swift */; };
		4353D0DC29700BE4008C09DC /* colorpalettebasedonword.swift in Sources */ = {isa = PBXBuildFile; fileRef = 4353D0DB29700BE4008C09DC /* colorpalettebasedonword.swift */; };
		4353D0DE29700C2F008C09DC /* colorsheet.swift in Sources */ = {isa = PBXBuildFile; fileRef = 4353D0DD29700C2F008C09DC /* colorsheet.swift */; };
		4353D0E029700C5E008C09DC /* colorsheet2.swift in Sources */ = {isa = PBXBuildFile; fileRef = 4353D0DF29700C5E008C09DC /* colorsheet2.swift */; };
		4353D0E229700C89008C09DC /* colorsheet3.swift in Sources */ = {isa = PBXBuildFile; fileRef = 4353D0E129700C89008C09DC /* colorsheet3.swift */; };
		4353D0E429700CC2008C09DC /* colorsheet4.swift in Sources */ = {isa = PBXBuildFile; fileRef = 4353D0E329700CC2008C09DC /* colorsheet4.swift */; };
		4353D0E629700CE1008C09DC /* colorsheet5.swift in Sources */ = {isa = PBXBuildFile; fileRef = 4353D0E529700CE1008C09DC /* colorsheet5.swift */; };
		4353D0E829700D25008C09DC /* colorsheet6.swift in Sources */ = {isa = PBXBuildFile; fileRef = 4353D0E729700D25008C09DC /* colorsheet6.swift */; };
		4353D0EA29700D46008C09DC /* colorsheet7.swift in Sources */ = {isa = PBXBuildFile; fileRef = 4353D0E929700D46008C09DC /* colorsheet7.swift */; };
		4353D0EC29700D6A008C09DC /* Colorsline1.swift in Sources */ = {isa = PBXBuildFile; fileRef = 4353D0EB29700D6A008C09DC /* Colorsline1.swift */; };
		4353D0EE29700D8B008C09DC /* Colorsline2.swift in Sources */ = {isa = PBXBuildFile; fileRef = 4353D0ED29700D8B008C09DC /* Colorsline2.swift */; };
		4353D0F029700DB1008C09DC /* CustomColorPicker.swift in Sources */ = {isa = PBXBuildFile; fileRef = 4353D0EF29700DB1008C09DC /* CustomColorPicker.swift */; };
		4353D0F229700DD8008C09DC /* Lovesheet.swift in Sources */ = {isa = PBXBuildFile; fileRef = 4353D0F129700DD8008C09DC /* Lovesheet.swift */; };
		4353D0F429700DF5008C09DC /* searchBar.swift in Sources */ = {isa = PBXBuildFile; fileRef = 4353D0F329700DF5008C09DC /* searchBar.swift */; };
		4353D0F629700FF6008C09DC /* Media.xcassets in Resources */ = {isa = PBXBuildFile; fileRef = 4353D0F529700FF6008C09DC /* Media.xcassets */; };
		4353D1142970114A008C09DC /* Localizable.strings in Resources */ = {isa = PBXBuildFile; fileRef = 4353D1122970114A008C09DC /* Localizable.strings */; };
/* End PBXBuildFile section */

/* Begin PBXFileReference section */
		4308D0452970034700358708 /* SnapColorApp.app */ = {isa = PBXFileReference; explicitFileType = wrapper.application; includeInIndex = 0; path = SnapColorApp.app; sourceTree = BUILT_PRODUCTS_DIR; };
		4308D0482970034700358708 /* SnapColorApp.swift */ = {isa = PBXFileReference; lastKnownFileType = sourcecode.swift; path = SnapColorApp.swift; sourceTree = "<group>"; };
		4308D04A2970034700358708 /* ContentView.swift */ = {isa = PBXFileReference; lastKnownFileType = sourcecode.swift; path = ContentView.swift; sourceTree = "<group>"; };
		4353D0C229700B62008C09DC /* Localizable.strings */ = {isa = PBXFileReference; fileEncoding = 4; lastKnownFileType = text.plist.strings; name = Localizable.strings; path = ../../../.Trash/Localizable.strings; sourceTree = "<group>"; };
		4353D0D929700B8E008C09DC /* Splash.swift */ = {isa = PBXFileReference; lastKnownFileType = sourcecode.swift; path = Splash.swift; sourceTree = "<group>"; };
		4353D0DB29700BE4008C09DC /* colorpalettebasedonword.swift */ = {isa = PBXFileReference; lastKnownFileType = sourcecode.swift; path = colorpalettebasedonword.swift; sourceTree = "<group>"; };
		4353D0DD29700C2F008C09DC /* colorsheet.swift */ = {isa = PBXFileReference; lastKnownFileType = sourcecode.swift; path = colorsheet.swift; sourceTree = "<group>"; };
		4353D0DF29700C5E008C09DC /* colorsheet2.swift */ = {isa = PBXFileReference; lastKnownFileType = sourcecode.swift; path = colorsheet2.swift; sourceTree = "<group>"; };
		4353D0E129700C89008C09DC /* colorsheet3.swift */ = {isa = PBXFileReference; lastKnownFileType = sourcecode.swift; path = colorsheet3.swift; sourceTree = "<group>"; };
		4353D0E329700CC2008C09DC /* colorsheet4.swift */ = {isa = PBXFileReference; lastKnownFileType = sourcecode.swift; path = colorsheet4.swift; sourceTree = "<group>"; };
		4353D0E529700CE1008C09DC /* colorsheet5.swift */ = {isa = PBXFileReference; lastKnownFileType = sourcecode.swift; path = colorsheet5.swift; sourceTree = "<group>"; };
		4353D0E729700D25008C09DC /* colorsheet6.swift */ = {isa = PBXFileReference; lastKnownFileType = sourcecode.swift; path = colorsheet6.swift; sourceTree = "<group>"; };
		4353D0E929700D46008C09DC /* colorsheet7.swift */ = {isa = PBXFileReference; lastKnownFileType = sourcecode.swift; path = colorsheet7.swift; sourceTree = "<group>"; };
		4353D0EB29700D6A008C09DC /* Colorsline1.swift */ = {isa = PBXFileReference; lastKnownFileType = sourcecode.swift; path = Colorsline1.swift; sourceTree = "<group>"; };
		4353D0ED29700D8B008C09DC /* Colorsline2.swift */ = {isa = PBXFileReference; lastKnownFileType = sourcecode.swift; path = Colorsline2.swift; sourceTree = "<group>"; };
		4353D0EF29700DB1008C09DC /* CustomColorPicker.swift */ = {isa = PBXFileReference; lastKnownFileType = sourcecode.swift; path = CustomColorPicker.swift; sourceTree = "<group>"; };
		4353D0F129700DD8008C09DC /* Lovesheet.swift */ = {isa = PBXFileReference; lastKnownFileType = sourcecode.swift; path = Lovesheet.swift; sourceTree = "<group>"; };
		4353D0F329700DF5008C09DC /* searchBar.swift */ = {isa = PBXFileReference; lastKnownFileType = sourcecode.swift; path = searchBar.swift; sourceTree = "<group>"; };
		4353D0F529700FF6008C09DC /* Media.xcassets */ = {isa = PBXFileReference; lastKnownFileType = folder.assetcatalog; path = Media.xcassets; sourceTree = "<group>"; };
		4353D1132970114A008C09DC /* ar */ = {isa = PBXFileReference; lastKnownFileType = text.plist.strings; name = ar; path = Localizable.strings; sourceTree = "<group>"; };
/* End PBXFileReference section */

/* Begin PBXFrameworksBuildPhase section */
		4308D0422970034700358708 /* Frameworks */ = {
			isa = PBXFrameworksBuildPhase;
			buildActionMask = 2147483647;
			files = (
			);
			runOnlyForDeploymentPostprocessing = 0;
		};
/* End PBXFrameworksBuildPhase section */

/* Begin PBXGroup section */
		4308D03C2970034700358708 = {
			isa = PBXGroup;
			children = (
				4308D0472970034700358708 /* SnapColorApp */,
				4308D0462970034700358708 /* Products */,
			);
			sourceTree = "<group>";
		};
		4308D0462970034700358708 /* Products */ = {
			isa = PBXGroup;
			children = (
				4308D0452970034700358708 /* SnapColorApp.app */,
			);
			name = Products;
			sourceTree = "<group>";
		};
		4308D0472970034700358708 /* SnapColorApp */ = {
			isa = PBXGroup;
			children = (
				4353D0F529700FF6008C09DC /* Media.xcassets */,
				4353D0D929700B8E008C09DC /* Splash.swift */,
				4308D0482970034700358708 /* SnapColorApp.swift */,
				4308D04A2970034700358708 /* ContentView.swift */,
				4353D0DB29700BE4008C09DC /* colorpalettebasedonword.swift */,
				4353D0DD29700C2F008C09DC /* colorsheet.swift */,
				4353D0DF29700C5E008C09DC /* colorsheet2.swift */,
				4353D0E129700C89008C09DC /* colorsheet3.swift */,
				4353D0E329700CC2008C09DC /* colorsheet4.swift */,
				4353D0E529700CE1008C09DC /* colorsheet5.swift */,
				4353D0E729700D25008C09DC /* colorsheet6.swift */,
				4353D0E929700D46008C09DC /* colorsheet7.swift */,
				4353D0EB29700D6A008C09DC /* Colorsline1.swift */,
				4353D0ED29700D8B008C09DC /* Colorsline2.swift */,
				4353D0EF29700DB1008C09DC /* CustomColorPicker.swift */,
				4353D0C229700B62008C09DC /* Localizable.strings */,
				4353D0F129700DD8008C09DC /* Lovesheet.swift */,
				4353D0F329700DF5008C09DC /* searchBar.swift */,
				4353D1112970114A008C09DC /* ar.lproj */,
				4353D11529701151008C09DC /* en.lproj */,
			);
			path = SnapColorApp;
			sourceTree = "<group>";
		};
		4353D1112970114A008C09DC /* ar.lproj */ = {
			isa = PBXGroup;
			children = (
				4353D1122970114A008C09DC /* Localizable.strings */,
			);
			path = ar.lproj;
			sourceTree = "<group>";
		};
		4353D11529701151008C09DC /* en.lproj */ = {
			isa = PBXGroup;
			children = (
			);
			path = en.lproj;
			sourceTree = "<group>";
		};
/* End PBXGroup section */

/* Begin PBXNativeTarget section */
		4308D0442970034700358708 /* SnapColorApp */ = {
			isa = PBXNativeTarget;
			buildConfigurationList = 4308D0532970034800358708 /* Build configuration list for PBXNativeTarget "SnapColorApp" */;
			buildPhases = (
				4308D0412970034700358708 /* Sources */,
				4308D0422970034700358708 /* Frameworks */,
				4308D0432970034700358708 /* Resources */,
			);
			buildRules = (
			);
			dependencies = (
			);
			name = SnapColorApp;
			productName = SnapColorApp;
			productReference = 4308D0452970034700358708 /* SnapColorApp.app */;
			productType = "com.apple.product-type.application";
		};
/* End PBXNativeTarget section */

/* Begin PBXProject section */
		4308D03D2970034700358708 /* Project object */ = {
			isa = PBXProject;
			attributes = {
				BuildIndependentTargetsInParallel = 1;
				LastSwiftUpdateCheck = 1420;
				LastUpgradeCheck = 1420;
				TargetAttributes = {
					4308D0442970034700358708 = {
						CreatedOnToolsVersion = 14.2;
					};
				};
			};
			buildConfigurationList = 4308D0402970034700358708 /* Build configuration list for PBXProject "SnapColorApp" */;
			compatibilityVersion = "Xcode 14.0";
			developmentRegion = en;
			hasScannedForEncodings = 0;
			knownRegions = (
				en,
				Base,
				ar,
			);
			mainGroup = 4308D03C2970034700358708;
			productRefGroup = 4308D0462970034700358708 /* Products */;
			projectDirPath = "";
			projectRoot = "";
			targets = (
				4308D0442970034700358708 /* SnapColorApp */,
			);
		};
/* End PBXProject section */

/* Begin PBXResourcesBuildPhase section */
		4308D0432970034700358708 /* Resources */ = {
			isa = PBXResourcesBuildPhase;
			buildActionMask = 2147483647;
			files = (
				4353D0F629700FF6008C09DC /* Media.xcassets in Resources */,
				4353D1142970114A008C09DC /* Localizable.strings in Resources */,
				4353D0D129700B62008C09DC /* Localizable.strings in Resources */,
			);
			runOnlyForDeploymentPostprocessing = 0;
		};
/* End PBXResourcesBuildPhase section */

/* Begin PBXSourcesBuildPhase section */
		4308D0412970034700358708 /* Sources */ = {
			isa = PBXSourcesBuildPhase;
			buildActionMask = 2147483647;
			files = (
				4353D0E029700C5E008C09DC /* colorsheet2.swift in Sources */,
				4353D0E229700C89008C09DC /* colorsheet3.swift in Sources */,
				4353D0DC29700BE4008C09DC /* colorpalettebasedonword.swift in Sources */,
				4353D0EC29700D6A008C09DC /* Colorsline1.swift in Sources */,
				4353D0EE29700D8B008C09DC /* Colorsline2.swift in Sources */,
				4353D0F229700DD8008C09DC /* Lovesheet.swift in Sources */,
				4353D0DE29700C2F008C09DC /* colorsheet.swift in Sources */,
				4353D0F429700DF5008C09DC /* searchBar.swift in Sources */,
				4353D0DA29700B8E008C09DC /* Splash.swift in Sources */,
				4308D04B2970034700358708 /* ContentView.swift in Sources */,
				4353D0E429700CC2008C09DC /* colorsheet4.swift in Sources */,
				4353D0E629700CE1008C09DC /* colorsheet5.swift in Sources */,
				4353D0F029700DB1008C09DC /* CustomColorPicker.swift in Sources */,
				4353D0E829700D25008C09DC /* colorsheet6.swift in Sources */,
				4353D0EA29700D46008C09DC /* colorsheet7.swift in Sources */,
				4308D0492970034700358708 /* SnapColorApp.swift in Sources */,
			);
			runOnlyForDeploymentPostprocessing = 0;
		};
/* End PBXSourcesBuildPhase section */

/* Begin PBXVariantGroup section */
		4353D1122970114A008C09DC /* Localizable.strings */ = {
			isa = PBXVariantGroup;
			children = (
				4353D1132970114A008C09DC /* ar */,
			);
			name = Localizable.strings;
			sourceTree = "<group>";
		};
/* End PBXVariantGroup section */

/* Begin XCBuildConfiguration section */
		4308D0512970034800358708 /* Debug */ = {
			isa = XCBuildConfiguration;
			buildSettings = {
				ALWAYS_SEARCH_USER_PATHS = NO;
				CLANG_ANALYZER_NONNULL = YES;
				CLANG_ANALYZER_NUMBER_OBJECT_CONVERSION = YES_AGGRESSIVE;
				CLANG_CXX_LANGUAGE_STANDARD = "gnu++20";
				CLANG_ENABLE_MODULES = YES;
				CLANG_ENABLE_OBJC_ARC = YES;
				CLANG_ENABLE_OBJC_WEAK = YES;
				CLANG_WARN_BLOCK_CAPTURE_AUTORELEASING = YES;
				CLANG_WARN_BOOL_CONVERSION = YES;
				CLANG_WARN_COMMA = YES;
				CLANG_WARN_CONSTANT_CONVERSION = YES;
				CLANG_WARN_DEPRECATED_OBJC_IMPLEMENTATIONS = YES;
				CLANG_WARN_DIRECT_OBJC_ISA_USAGE = YES_ERROR;
				CLANG_WARN_DOCUMENTATION_COMMENTS = YES;
				CLANG_WARN_EMPTY_BODY = YES;
				CLANG_WARN_ENUM_CONVERSION = YES;
				CLANG_WARN_INFINITE_RECURSION = YES;
				CLANG_WARN_INT_CONVERSION = YES;
				CLANG_WARN_NON_LITERAL_NULL_CONVERSION = YES;
				CLANG_WARN_OBJC_IMPLICIT_RETAIN_SELF = YES;
				CLANG_WARN_OBJC_LITERAL_CONVERSION = YES;
				CLANG_WARN_OBJC_ROOT_CLASS = YES_ERROR;
				CLANG_WARN_QUOTED_INCLUDE_IN_FRAMEWORK_HEADER = YES;
				CLANG_WARN_RANGE_LOOP_ANALYSIS = YES;
				CLANG_WARN_STRICT_PROTOTYPES = YES;
				CLANG_WARN_SUSPICIOUS_MOVE = YES;
				CLANG_WARN_UNGUARDED_AVAILABILITY = YES_AGGRESSIVE;
				CLANG_WARN_UNREACHABLE_CODE = YES;
				CLANG_WARN__DUPLICATE_METHOD_MATCH = YES;
				COPY_PHASE_STRIP = NO;
				DEBUG_INFORMATION_FORMAT = dwarf;
				ENABLE_STRICT_OBJC_MSGSEND = YES;
				ENABLE_TESTABILITY = YES;
				GCC_C_LANGUAGE_STANDARD = gnu11;
				GCC_DYNAMIC_NO_PIC = NO;
				GCC_NO_COMMON_BLOCKS = YES;
				GCC_OPTIMIZATION_LEVEL = 0;
				GCC_PREPROCESSOR_DEFINITIONS = (
					"DEBUG=1",
					"$(inherited)",
				);
				GCC_WARN_64_TO_32_BIT_CONVERSION = YES;
				GCC_WARN_ABOUT_RETURN_TYPE = YES_ERROR;
				GCC_WARN_UNDECLARED_SELECTOR = YES;
				GCC_WARN_UNINITIALIZED_AUTOS = YES_AGGRESSIVE;
				GCC_WARN_UNUSED_FUNCTION = YES;
				GCC_WARN_UNUSED_VARIABLE = YES;
				IPHONEOS_DEPLOYMENT_TARGET = 16.2;
				MTL_ENABLE_DEBUG_INFO = INCLUDE_SOURCE;
				MTL_FAST_MATH = YES;
				ONLY_ACTIVE_ARCH = YES;
				SDKROOT = iphoneos;
				SWIFT_ACTIVE_COMPILATION_CONDITIONS = DEBUG;
				SWIFT_OPTIMIZATION_LEVEL = "-Onone";
			};
			name = Debug;
		};
		4308D0522970034800358708 /* Release */ = {
			isa = XCBuildConfiguration;
			buildSettings = {
				ALWAYS_SEARCH_USER_PATHS = NO;
				CLANG_ANALYZER_NONNULL = YES;
				CLANG_ANALYZER_NUMBER_OBJECT_CONVERSION = YES_AGGRESSIVE;
				CLANG_CXX_LANGUAGE_STANDARD = "gnu++20";
				CLANG_ENABLE_MODULES = YES;
				CLANG_ENABLE_OBJC_ARC = YES;
				CLANG_ENABLE_OBJC_WEAK = YES;
				CLANG_WARN_BLOCK_CAPTURE_AUTORELEASING = YES;
				CLANG_WARN_BOOL_CONVERSION = YES;
				CLANG_WARN_COMMA = YES;
				CLANG_WARN_CONSTANT_CONVERSION = YES;
				CLANG_WARN_DEPRECATED_OBJC_IMPLEMENTATIONS = YES;
				CLANG_WARN_DIRECT_OBJC_ISA_USAGE = YES_ERROR;
				CLANG_WARN_DOCUMENTATION_COMMENTS = YES;
				CLANG_WARN_EMPTY_BODY = YES;
				CLANG_WARN_ENUM_CONVERSION = YES;
				CLANG_WARN_INFINITE_RECURSION = YES;
				CLANG_WARN_INT_CONVERSION = YES;
				CLANG_WARN_NON_LITERAL_NULL_CONVERSION = YES;
				CLANG_WARN_OBJC_IMPLICIT_RETAIN_SELF = YES;
				CLANG_WARN_OBJC_LITERAL_CONVERSION = YES;
				CLANG_WARN_OBJC_ROOT_CLASS = YES_ERROR;
				CLANG_WARN_QUOTED_INCLUDE_IN_FRAMEWORK_HEADER = YES;
				CLANG_WARN_RANGE_LOOP_ANALYSIS = YES;
				CLANG_WARN_STRICT_PROTOTYPES = YES;
				CLANG_WARN_SUSPICIOUS_MOVE = YES;
				CLANG_WARN_UNGUARDED_AVAILABILITY = YES_AGGRESSIVE;
				CLANG_WARN_UNREACHABLE_CODE = YES;
				CLANG_WARN__DUPLICATE_METHOD_MATCH = YES;
				COPY_PHASE_STRIP = NO;
				DEBUG_INFORMATION_FORMAT = "dwarf-with-dsym";
				ENABLE_NS_ASSERTIONS = NO;
				ENABLE_STRICT_OBJC_MSGSEND = YES;
				GCC_C_LANGUAGE_STANDARD = gnu11;
				GCC_NO_COMMON_BLOCKS = YES;
				GCC_WARN_64_TO_32_BIT_CONVERSION = YES;
				GCC_WARN_ABOUT_RETURN_TYPE = YES_ERROR;
				GCC_WARN_UNDECLARED_SELECTOR = YES;
				GCC_WARN_UNINITIALIZED_AUTOS = YES_AGGRESSIVE;
				GCC_WARN_UNUSED_FUNCTION = YES;
				GCC_WARN_UNUSED_VARIABLE = YES;
				IPHONEOS_DEPLOYMENT_TARGET = 16.2;
				MTL_ENABLE_DEBUG_INFO = NO;
				MTL_FAST_MATH = YES;
				SDKROOT = iphoneos;
				SWIFT_COMPILATION_MODE = wholemodule;
				SWIFT_OPTIMIZATION_LEVEL = "-O";
				VALIDATE_PRODUCT = YES;
			};
			name = Release;
		};
		4308D0542970034800358708 /* Debug */ = {
			isa = XCBuildConfiguration;
			buildSettings = {
				ASSETCATALOG_COMPILER_APPICON_NAME = AppIcon;
				ASSETCATALOG_COMPILER_GLOBAL_ACCENT_COLOR_NAME = AccentColor;
				CODE_SIGN_STYLE = Automatic;
				CURRENT_PROJECT_VERSION = 1;
				DEVELOPMENT_ASSET_PATHS = "\"SnapColorApp/Preview Content\"";
				DEVELOPMENT_TEAM = 2LVB7G8J3S;
				ENABLE_PREVIEWS = YES;
				GENERATE_INFOPLIST_FILE = YES;
				INFOPLIST_KEY_UIApplicationSceneManifest_Generation = YES;
				INFOPLIST_KEY_UIApplicationSupportsIndirectInputEvents = YES;
				INFOPLIST_KEY_UILaunchScreen_Generation = YES;
				INFOPLIST_KEY_UISupportedInterfaceOrientations_iPad = "UIInterfaceOrientationPortrait UIInterfaceOrientationPortraitUpsideDown UIInterfaceOrientationLandscapeLeft UIInterfaceOrientationLandscapeRight";
				INFOPLIST_KEY_UISupportedInterfaceOrientations_iPhone = "UIInterfaceOrientationPortrait UIInterfaceOrientationLandscapeLeft UIInterfaceOrientationLandscapeRight";
				LD_RUNPATH_SEARCH_PATHS = (
					"$(inherited)",
					"@executable_path/Frameworks",
				);
				MARKETING_VERSION = 1.0;
				PRODUCT_BUNDLE_IDENTIFIER = com.shifaa.SnapColorApp;
				PRODUCT_NAME = "$(TARGET_NAME)";
				SWIFT_EMIT_LOC_STRINGS = YES;
				SWIFT_VERSION = 5.0;
				TARGETED_DEVICE_FAMILY = "1,2";
			};
			name = Debug;
		};
		4308D0552970034800358708 /* Release */ = {
			isa = XCBuildConfiguration;
			buildSettings = {
				ASSETCATALOG_COMPILER_APPICON_NAME = AppIcon;
				ASSETCATALOG_COMPILER_GLOBAL_ACCENT_COLOR_NAME = AccentColor;
				CODE_SIGN_STYLE = Automatic;
				CURRENT_PROJECT_VERSION = 1;
				DEVELOPMENT_ASSET_PATHS = "\"SnapColorApp/Preview Content\"";
				DEVELOPMENT_TEAM = 2LVB7G8J3S;
				ENABLE_PREVIEWS = YES;
				GENERATE_INFOPLIST_FILE = YES;
				INFOPLIST_KEY_UIApplicationSceneManifest_Generation = YES;
				INFOPLIST_KEY_UIApplicationSupportsIndirectInputEvents = YES;
				INFOPLIST_KEY_UILaunchScreen_Generation = YES;
				INFOPLIST_KEY_UISupportedInterfaceOrientations_iPad = "UIInterfaceOrientationPortrait UIInterfaceOrientationPortraitUpsideDown UIInterfaceOrientationLandscapeLeft UIInterfaceOrientationLandscapeRight";
				INFOPLIST_KEY_UISupportedInterfaceOrientations_iPhone = "UIInterfaceOrientationPortrait UIInterfaceOrientationLandscapeLeft UIInterfaceOrientationLandscapeRight";
				LD_RUNPATH_SEARCH_PATHS = (
					"$(inherited)",
					"@executable_path/Frameworks",
				);
				MARKETING_VERSION = 1.0;
				PRODUCT_BUNDLE_IDENTIFIER = com.shifaa.SnapColorApp;
				PRODUCT_NAME = "$(TARGET_NAME)";
				SWIFT_EMIT_LOC_STRINGS = YES;
				SWIFT_VERSION = 5.0;
				TARGETED_DEVICE_FAMILY = "1,2";
			};
			name = Release;
		};
/* End XCBuildConfiguration section */

/* Begin XCConfigurationList section */
		4308D0402970034700358708 /* Build configuration list for PBXProject "SnapColorApp" */ = {
			isa = XCConfigurationList;
			buildConfigurations = (
				4308D0512970034800358708 /* Debug */,
				4308D0522970034800358708 /* Release */,
			);
			defaultConfigurationIsVisible = 0;
			defaultConfigurationName = Release;
		};
		4308D0532970034800358708 /* Build configuration list for PBXNativeTarget "SnapColorApp" */ = {
			isa = XCConfigurationList;
			buildConfigurations = (
				4308D0542970034800358708 /* Debug */,
				4308D0552970034800358708 /* Release */,
			);
			defaultConfigurationIsVisible = 0;
			defaultConfigurationName = Release;
		};
/* End XCConfigurationList section */
	};
	rootObject = 4308D03D2970034700358708 /* Project object */;
}
