// !$*UTF8*$!
{
	archiveVersion = 1;
	classes = {
	};
	objectVersion = 56;
	objects = {

/* Begin PBXBuildFile section */
		4308D0492970034700358708 /* SnapColorAppApp.swift in Sources */ = {isa = PBXBuildFile; fileRef = 4308D0482970034700358708 /* SnapColorAppApp.swift */; };
		4308D04B2970034700358708 /* ContentView.swift in Sources */ = {isa = PBXBuildFile; fileRef = 4308D04A2970034700358708 /* ContentView.swift */; };
		4308D0502970034800358708 /* Preview Assets.xcassets in Resources */ = {isa = PBXBuildFile; fileRef = 4308D04F2970034800358708 /* Preview Assets.xcassets */; };
		4308D0572970037700358708 /* Splash.swift in Sources */ = {isa = PBXBuildFile; fileRef = 4308D0562970037700358708 /* Splash.swift */; };
		4308D067297003BF00358708 /* colorsheet5.swift in Sources */ = {isa = PBXBuildFile; fileRef = 4308D058297003BE00358708 /* colorsheet5.swift */; };
		4308D068297003BF00358708 /* colorpalettebasedonword.swift in Sources */ = {isa = PBXBuildFile; fileRef = 4308D059297003BE00358708 /* colorpalettebasedonword.swift */; };
		4308D069297003BF00358708 /* colorsheet7.swift in Sources */ = {isa = PBXBuildFile; fileRef = 4308D05A297003BE00358708 /* colorsheet7.swift */; };
		4308D06A297003BF00358708 /* colorsheet2.swift in Sources */ = {isa = PBXBuildFile; fileRef = 4308D05B297003BE00358708 /* colorsheet2.swift */; };
		4308D06B297003BF00358708 /* Colorsline2.swift in Sources */ = {isa = PBXBuildFile; fileRef = 4308D05C297003BE00358708 /* Colorsline2.swift */; };
		4308D06C297003BF00358708 /* Localizable.strings in Resources */ = {isa = PBXBuildFile; fileRef = 4308D05D297003BE00358708 /* Localizable.strings */; };
		4308D06D297003BF00358708 /* colorsheet6.swift in Sources */ = {isa = PBXBuildFile; fileRef = 4308D05F297003BF00358708 /* colorsheet6.swift */; };
		4308D06E297003BF00358708 /* SearchBar.swift in Sources */ = {isa = PBXBuildFile; fileRef = 4308D060297003BF00358708 /* SearchBar.swift */; };
		4308D06F297003BF00358708 /* CustomColorPicker.swift in Sources */ = {isa = PBXBuildFile; fileRef = 4308D061297003BF00358708 /* CustomColorPicker.swift */; };
		4308D070297003BF00358708 /* colorsheet3.swift in Sources */ = {isa = PBXBuildFile; fileRef = 4308D062297003BF00358708 /* colorsheet3.swift */; };
		4308D071297003BF00358708 /* Lovesheet.swift in Sources */ = {isa = PBXBuildFile; fileRef = 4308D063297003BF00358708 /* Lovesheet.swift */; };
		4308D072297003BF00358708 /* colorsheet.swift in Sources */ = {isa = PBXBuildFile; fileRef = 4308D064297003BF00358708 /* colorsheet.swift */; };
		4308D073297003BF00358708 /* Colorsline1.swift in Sources */ = {isa = PBXBuildFile; fileRef = 4308D065297003BF00358708 /* Colorsline1.swift */; };
		4308D074297003BF00358708 /* colorsheet4.swift in Sources */ = {isa = PBXBuildFile; fileRef = 4308D066297003BF00358708 /* colorsheet4.swift */; };
		4308D076297003C700358708 /* Assets.xcassets in Resources */ = {isa = PBXBuildFile; fileRef = 4308D075297003C700358708 /* Assets.xcassets */; };
/* End PBXBuildFile section */

/* Begin PBXFileReference section */
		4308D0452970034700358708 /* SnapColorApp.app */ = {isa = PBXFileReference; explicitFileType = wrapper.application; includeInIndex = 0; path = SnapColorApp.app; sourceTree = BUILT_PRODUCTS_DIR; };
		4308D0482970034700358708 /* SnapColorAppApp.swift */ = {isa = PBXFileReference; lastKnownFileType = sourcecode.swift; path = SnapColorAppApp.swift; sourceTree = "<group>"; };
		4308D04A2970034700358708 /* ContentView.swift */ = {isa = PBXFileReference; lastKnownFileType = sourcecode.swift; path = ContentView.swift; sourceTree = "<group>"; };
		4308D04F2970034800358708 /* Preview Assets.xcassets */ = {isa = PBXFileReference; lastKnownFileType = folder.assetcatalog; path = "Preview Assets.xcassets"; sourceTree = "<group>"; };
		4308D0562970037700358708 /* Splash.swift */ = {isa = PBXFileReference; fileEncoding = 4; lastKnownFileType = sourcecode.swift; name = Splash.swift; path = "../../أعمالي/Snapcolor/Snapcolor/Splash.swift"; sourceTree = "<group>"; };
		4308D058297003BE00358708 /* colorsheet5.swift */ = {isa = PBXFileReference; fileEncoding = 4; lastKnownFileType = sourcecode.swift; name = colorsheet5.swift; path = "../../أعمالي/Snapcolor/Snapcolor/colorsheet5.swift"; sourceTree = "<group>"; };
		4308D059297003BE00358708 /* colorpalettebasedonword.swift */ = {isa = PBXFileReference; fileEncoding = 4; lastKnownFileType = sourcecode.swift; name = colorpalettebasedonword.swift; path = "../../أعمالي/Snapcolor/Snapcolor/colorpalettebasedonword.swift"; sourceTree = "<group>"; };
		4308D05A297003BE00358708 /* colorsheet7.swift */ = {isa = PBXFileReference; fileEncoding = 4; lastKnownFileType = sourcecode.swift; name = colorsheet7.swift; path = "../../أعمالي/Snapcolor/Snapcolor/colorsheet7.swift"; sourceTree = "<group>"; };
		4308D05B297003BE00358708 /* colorsheet2.swift */ = {isa = PBXFileReference; fileEncoding = 4; lastKnownFileType = sourcecode.swift; name = colorsheet2.swift; path = "../../أعمالي/Snapcolor/Snapcolor/colorsheet2.swift"; sourceTree = "<group>"; };
		4308D05C297003BE00358708 /* Colorsline2.swift */ = {isa = PBXFileReference; fileEncoding = 4; lastKnownFileType = sourcecode.swift; name = Colorsline2.swift; path = "../../أعمالي/Snapcolor/Snapcolor/Colorsline2.swift"; sourceTree = "<group>"; };
		4308D05E297003BE00358708 /* en */ = {isa = PBXFileReference; lastKnownFileType = text.plist.strings; name = en; path = "../../أعمالي/Snapcolor/Snapcolor/en.lproj/Localizable.strings"; sourceTree = "<group>"; };
		4308D05F297003BF00358708 /* colorsheet6.swift */ = {isa = PBXFileReference; fileEncoding = 4; lastKnownFileType = sourcecode.swift; name = colorsheet6.swift; path = "../../أعمالي/Snapcolor/Snapcolor/colorsheet6.swift"; sourceTree = "<group>"; };
		4308D060297003BF00358708 /* SearchBar.swift */ = {isa = PBXFileReference; fileEncoding = 4; lastKnownFileType = sourcecode.swift; name = SearchBar.swift; path = "../../أعمالي/Snapcolor/Snapcolor/SearchBar.swift"; sourceTree = "<group>"; };
		4308D061297003BF00358708 /* CustomColorPicker.swift */ = {isa = PBXFileReference; fileEncoding = 4; lastKnownFileType = sourcecode.swift; name = CustomColorPicker.swift; path = "../../أعمالي/Snapcolor/Snapcolor/CustomColorPicker.swift"; sourceTree = "<group>"; };
		4308D062297003BF00358708 /* colorsheet3.swift */ = {isa = PBXFileReference; fileEncoding = 4; lastKnownFileType = sourcecode.swift; name = colorsheet3.swift; path = "../../أعمالي/Snapcolor/Snapcolor/colorsheet3.swift"; sourceTree = "<group>"; };
		4308D063297003BF00358708 /* Lovesheet.swift */ = {isa = PBXFileReference; fileEncoding = 4; lastKnownFileType = sourcecode.swift; name = Lovesheet.swift; path = "../../أعمالي/Snapcolor/Snapcolor/Lovesheet.swift"; sourceTree = "<group>"; };
		4308D064297003BF00358708 /* colorsheet.swift */ = {isa = PBXFileReference; fileEncoding = 4; lastKnownFileType = sourcecode.swift; name = colorsheet.swift; path = "../../أعمالي/Snapcolor/Snapcolor/colorsheet.swift"; sourceTree = "<group>"; };
		4308D065297003BF00358708 /* Colorsline1.swift */ = {isa = PBXFileReference; fileEncoding = 4; lastKnownFileType = sourcecode.swift; name = Colorsline1.swift; path = "../../أعمالي/Snapcolor/Snapcolor/Colorsline1.swift"; sourceTree = "<group>"; };
		4308D066297003BF00358708 /* colorsheet4.swift */ = {isa = PBXFileReference; fileEncoding = 4; lastKnownFileType = sourcecode.swift; name = colorsheet4.swift; path = "../../أعمالي/Snapcolor/Snapcolor/colorsheet4.swift"; sourceTree = "<group>"; };
		4308D075297003C700358708 /* Assets.xcassets */ = {isa = PBXFileReference; lastKnownFileType = folder.assetcatalog; name = Assets.xcassets; path = "../../أعمالي/Snapcolor/Snapcolor/Assets.xcassets"; sourceTree = "<group>"; };
/* End PBXFileReference section */

/* Begin PBXFrameworksBuildPhase section */
		4308D0422970034700358708 /* Frameworks */ = {
			isa = PBXFrameworksBuildPhase;
			buildActionMask = 2147483647;
			files = (
			);
			runOnlyForDeploymentPostprocessing = 0;
		};
/* End PBXFrameworksBuildPhase section */

/* Begin PBXGroup section */
		4308D03C2970034700358708 = {
			isa = PBXGroup;
			children = (
				4308D0472970034700358708 /* SnapColorApp */,
				4308D0462970034700358708 /* Products */,
			);
			sourceTree = "<group>";
		};
		4308D0462970034700358708 /* Products */ = {
			isa = PBXGroup;
			children = (
				4308D0452970034700358708 /* SnapColorApp.app */,
			);
			name = Products;
			sourceTree = "<group>";
		};
		4308D0472970034700358708 /* SnapColorApp */ = {
			isa = PBXGroup;
			children = (
				4308D0562970037700358708 /* Splash.swift */,
				4308D0482970034700358708 /* SnapColorAppApp.swift */,
				4308D04A2970034700358708 /* ContentView.swift */,
				4308D059297003BE00358708 /* colorpalettebasedonword.swift */,
				4308D064297003BF00358708 /* colorsheet.swift */,
				4308D05B297003BE00358708 /* colorsheet2.swift */,
				4308D062297003BF00358708 /* colorsheet3.swift */,
				4308D066297003BF00358708 /* colorsheet4.swift */,
				4308D058297003BE00358708 /* colorsheet5.swift */,
				4308D05F297003BF00358708 /* colorsheet6.swift */,
				4308D05A297003BE00358708 /* colorsheet7.swift */,
				4308D065297003BF00358708 /* Colorsline1.swift */,
				4308D05C297003BE00358708 /* Colorsline2.swift */,
				4308D061297003BF00358708 /* CustomColorPicker.swift */,
				4308D05D297003BE00358708 /* Localizable.strings */,
				4308D063297003BF00358708 /* Lovesheet.swift */,
				4308D060297003BF00358708 /* SearchBar.swift */,
				4308D075297003C700358708 /* Assets.xcassets */,
				4308D04E2970034800358708 /* Preview Content */,
			);
			path = SnapColorApp;
			sourceTree = "<group>";
		};
		4308D04E2970034800358708 /* Preview Content */ = {
			isa = PBXGroup;
			children = (
				4308D04F2970034800358708 /* Preview Assets.xcassets */,
			);
			path = "Preview Content";
			sourceTree = "<group>";
		};
/* End PBXGroup section */

/* Begin PBXNativeTarget section */
		4308D0442970034700358708 /* SnapColorApp */ = {
			isa = PBXNativeTarget;
			buildConfigurationList = 4308D0532970034800358708 /* Build configuration list for PBXNativeTarget "SnapColorApp" */;
			buildPhases = (
				4308D0412970034700358708 /* Sources */,
				4308D0422970034700358708 /* Frameworks */,
				4308D0432970034700358708 /* Resources */,
			);
			buildRules = (
			);
			dependencies = (
			);
			name = SnapColorApp;
			productName = SnapColorApp;
			productReference = 4308D0452970034700358708 /* SnapColorApp.app */;
			productType = "com.apple.product-type.application";
		};
/* End PBXNativeTarget section */

/* Begin PBXProject section */
		4308D03D2970034700358708 /* Project object */ = {
			isa = PBXProject;
			attributes = {
				BuildIndependentTargetsInParallel = 1;
				LastSwiftUpdateCheck = 1420;
				LastUpgradeCheck = 1420;
				TargetAttributes = {
					4308D0442970034700358708 = {
						CreatedOnToolsVersion = 14.2;
					};
				};
			};
			buildConfigurationList = 4308D0402970034700358708 /* Build configuration list for PBXProject "SnapColorApp" */;
			compatibilityVersion = "Xcode 14.0";
			developmentRegion = en;
			hasScannedForEncodings = 0;
			knownRegions = (
				en,
				Base,
			);
			mainGroup = 4308D03C2970034700358708;
			productRefGroup = 4308D0462970034700358708 /* Products */;
			projectDirPath = "";
			projectRoot = "";
			targets = (
				4308D0442970034700358708 /* SnapColorApp */,
			);
		};
/* End PBXProject section */

/* Begin PBXResourcesBuildPhase section */
		4308D0432970034700358708 /* Resources */ = {
			isa = PBXResourcesBuildPhase;
			buildActionMask = 2147483647;
			files = (
				4308D0502970034800358708 /* Preview Assets.xcassets in Resources */,
				4308D06C297003BF00358708 /* Localizable.strings in Resources */,
				4308D076297003C700358708 /* Assets.xcassets in Resources */,
			);
			runOnlyForDeploymentPostprocessing = 0;
		};
/* End PBXResourcesBuildPhase section */

/* Begin PBXSourcesBuildPhase section */
		4308D0412970034700358708 /* Sources */ = {
			isa = PBXSourcesBuildPhase;
			buildActionMask = 2147483647;
			files = (
				4308D06B297003BF00358708 /* Colorsline2.swift in Sources */,
				4308D04B2970034700358708 /* ContentView.swift in Sources */,
				4308D067297003BF00358708 /* colorsheet5.swift in Sources */,
				4308D070297003BF00358708 /* colorsheet3.swift in Sources */,
				4308D0572970037700358708 /* Splash.swift in Sources */,
				4308D072297003BF00358708 /* colorsheet.swift in Sources */,
				4308D073297003BF00358708 /* Colorsline1.swift in Sources */,
				4308D0492970034700358708 /* SnapColorAppApp.swift in Sources */,
				4308D074297003BF00358708 /* colorsheet4.swift in Sources */,
				4308D06F297003BF00358708 /* CustomColorPicker.swift in Sources */,
				4308D071297003BF00358708 /* Lovesheet.swift in Sources */,
				4308D06D297003BF00358708 /* colorsheet6.swift in Sources */,
				4308D068297003BF00358708 /* colorpalettebasedonword.swift in Sources */,
				4308D06E297003BF00358708 /* SearchBar.swift in Sources */,
				4308D06A297003BF00358708 /* colorsheet2.swift in Sources */,
				4308D069297003BF00358708 /* colorsheet7.swift in Sources */,
			);
			runOnlyForDeploymentPostprocessing = 0;
		};
/* End PBXSourcesBuildPhase section */

/* Begin PBXVariantGroup section */
		4308D05D297003BE00358708 /* Localizable.strings */ = {
			isa = PBXVariantGroup;
			children = (
				4308D05E297003BE00358708 /* en */,
			);
			name = Localizable.strings;
			sourceTree = "<group>";
		};
/* End PBXVariantGroup section */

/* Begin XCBuildConfiguration section */
		4308D0512970034800358708 /* Debug */ = {
			isa = XCBuildConfiguration;
			buildSettings = {
				ALWAYS_SEARCH_USER_PATHS = NO;
				CLANG_ANALYZER_NONNULL = YES;
				CLANG_ANALYZER_NUMBER_OBJECT_CONVERSION = YES_AGGRESSIVE;
				CLANG_CXX_LANGUAGE_STANDARD = "gnu++20";
				CLANG_ENABLE_MODULES = YES;
				CLANG_ENABLE_OBJC_ARC = YES;
				CLANG_ENABLE_OBJC_WEAK = YES;
				CLANG_WARN_BLOCK_CAPTURE_AUTORELEASING = YES;
				CLANG_WARN_BOOL_CONVERSION = YES;
				CLANG_WARN_COMMA = YES;
				CLANG_WARN_CONSTANT_CONVERSION = YES;
				CLANG_WARN_DEPRECATED_OBJC_IMPLEMENTATIONS = YES;
				CLANG_WARN_DIRECT_OBJC_ISA_USAGE = YES_ERROR;
				CLANG_WARN_DOCUMENTATION_COMMENTS = YES;
				CLANG_WARN_EMPTY_BODY = YES;
				CLANG_WARN_ENUM_CONVERSION = YES;
				CLANG_WARN_INFINITE_RECURSION = YES;
				CLANG_WARN_INT_CONVERSION = YES;
				CLANG_WARN_NON_LITERAL_NULL_CONVERSION = YES;
				CLANG_WARN_OBJC_IMPLICIT_RETAIN_SELF = YES;
				CLANG_WARN_OBJC_LITERAL_CONVERSION = YES;
				CLANG_WARN_OBJC_ROOT_CLASS = YES_ERROR;
				CLANG_WARN_QUOTED_INCLUDE_IN_FRAMEWORK_HEADER = YES;
				CLANG_WARN_RANGE_LOOP_ANALYSIS = YES;
				CLANG_WARN_STRICT_PROTOTYPES = YES;
				CLANG_WARN_SUSPICIOUS_MOVE = YES;
				CLANG_WARN_UNGUARDED_AVAILABILITY = YES_AGGRESSIVE;
				CLANG_WARN_UNREACHABLE_CODE = YES;
				CLANG_WARN__DUPLICATE_METHOD_MATCH = YES;
				COPY_PHASE_STRIP = NO;
				DEBUG_INFORMATION_FORMAT = dwarf;
				ENABLE_STRICT_OBJC_MSGSEND = YES;
				ENABLE_TESTABILITY = YES;
				GCC_C_LANGUAGE_STANDARD = gnu11;
				GCC_DYNAMIC_NO_PIC = NO;
				GCC_NO_COMMON_BLOCKS = YES;
				GCC_OPTIMIZATION_LEVEL = 0;
				GCC_PREPROCESSOR_DEFINITIONS = (
					"DEBUG=1",
					"$(inherited)",
				);
				GCC_WARN_64_TO_32_BIT_CONVERSION = YES;
				GCC_WARN_ABOUT_RETURN_TYPE = YES_ERROR;
				GCC_WARN_UNDECLARED_SELECTOR = YES;
				GCC_WARN_UNINITIALIZED_AUTOS = YES_AGGRESSIVE;
				GCC_WARN_UNUSED_FUNCTION = YES;
				GCC_WARN_UNUSED_VARIABLE = YES;
				IPHONEOS_DEPLOYMENT_TARGET = 16.2;
				MTL_ENABLE_DEBUG_INFO = INCLUDE_SOURCE;
				MTL_FAST_MATH = YES;
				ONLY_ACTIVE_ARCH = YES;
				SDKROOT = iphoneos;
				SWIFT_ACTIVE_COMPILATION_CONDITIONS = DEBUG;
				SWIFT_OPTIMIZATION_LEVEL = "-Onone";
			};
			name = Debug;
		};
		4308D0522970034800358708 /* Release */ = {
			isa = XCBuildConfiguration;
			buildSettings = {
				ALWAYS_SEARCH_USER_PATHS = NO;
				CLANG_ANALYZER_NONNULL = YES;
				CLANG_ANALYZER_NUMBER_OBJECT_CONVERSION = YES_AGGRESSIVE;
				CLANG_CXX_LANGUAGE_STANDARD = "gnu++20";
				CLANG_ENABLE_MODULES = YES;
				CLANG_ENABLE_OBJC_ARC = YES;
				CLANG_ENABLE_OBJC_WEAK = YES;
				CLANG_WARN_BLOCK_CAPTURE_AUTORELEASING = YES;
				CLANG_WARN_BOOL_CONVERSION = YES;
				CLANG_WARN_COMMA = YES;
				CLANG_WARN_CONSTANT_CONVERSION = YES;
				CLANG_WARN_DEPRECATED_OBJC_IMPLEMENTATIONS = YES;
				CLANG_WARN_DIRECT_OBJC_ISA_USAGE = YES_ERROR;
				CLANG_WARN_DOCUMENTATION_COMMENTS = YES;
				CLANG_WARN_EMPTY_BODY = YES;
				CLANG_WARN_ENUM_CONVERSION = YES;
				CLANG_WARN_INFINITE_RECURSION = YES;
				CLANG_WARN_INT_CONVERSION = YES;
				CLANG_WARN_NON_LITERAL_NULL_CONVERSION = YES;
				CLANG_WARN_OBJC_IMPLICIT_RETAIN_SELF = YES;
				CLANG_WARN_OBJC_LITERAL_CONVERSION = YES;
				CLANG_WARN_OBJC_ROOT_CLASS = YES_ERROR;
				CLANG_WARN_QUOTED_INCLUDE_IN_FRAMEWORK_HEADER = YES;
				CLANG_WARN_RANGE_LOOP_ANALYSIS = YES;
				CLANG_WARN_STRICT_PROTOTYPES = YES;
				CLANG_WARN_SUSPICIOUS_MOVE = YES;
				CLANG_WARN_UNGUARDED_AVAILABILITY = YES_AGGRESSIVE;
				CLANG_WARN_UNREACHABLE_CODE = YES;
				CLANG_WARN__DUPLICATE_METHOD_MATCH = YES;
				COPY_PHASE_STRIP = NO;
				DEBUG_INFORMATION_FORMAT = "dwarf-with-dsym";
				ENABLE_NS_ASSERTIONS = NO;
				ENABLE_STRICT_OBJC_MSGSEND = YES;
				GCC_C_LANGUAGE_STANDARD = gnu11;
				GCC_NO_COMMON_BLOCKS = YES;
				GCC_WARN_64_TO_32_BIT_CONVERSION = YES;
				GCC_WARN_ABOUT_RETURN_TYPE = YES_ERROR;
				GCC_WARN_UNDECLARED_SELECTOR = YES;
				GCC_WARN_UNINITIALIZED_AUTOS = YES_AGGRESSIVE;
				GCC_WARN_UNUSED_FUNCTION = YES;
				GCC_WARN_UNUSED_VARIABLE = YES;
				IPHONEOS_DEPLOYMENT_TARGET = 16.2;
				MTL_ENABLE_DEBUG_INFO = NO;
				MTL_FAST_MATH = YES;
				SDKROOT = iphoneos;
				SWIFT_COMPILATION_MODE = wholemodule;
				SWIFT_OPTIMIZATION_LEVEL = "-O";
				VALIDATE_PRODUCT = YES;
			};
			name = Release;
		};
		4308D0542970034800358708 /* Debug */ = {
			isa = XCBuildConfiguration;
			buildSettings = {
				ASSETCATALOG_COMPILER_APPICON_NAME = AppIcon;
				ASSETCATALOG_COMPILER_GLOBAL_ACCENT_COLOR_NAME = AccentColor;
				CODE_SIGN_STYLE = Automatic;
				CURRENT_PROJECT_VERSION = 1;
				DEVELOPMENT_ASSET_PATHS = "\"SnapColorApp/Preview Content\"";
				DEVELOPMENT_TEAM = 2LVB7G8J3S;
				ENABLE_PREVIEWS = YES;
				GENERATE_INFOPLIST_FILE = YES;
				INFOPLIST_KEY_UIApplicationSceneManifest_Generation = YES;
				INFOPLIST_KEY_UIApplicationSupportsIndirectInputEvents = YES;
				INFOPLIST_KEY_UILaunchScreen_Generation = YES;
				INFOPLIST_KEY_UISupportedInterfaceOrientations_iPad = "UIInterfaceOrientationPortrait UIInterfaceOrientationPortraitUpsideDown UIInterfaceOrientationLandscapeLeft UIInterfaceOrientationLandscapeRight";
				INFOPLIST_KEY_UISupportedInterfaceOrientations_iPhone = "UIInterfaceOrientationPortrait UIInterfaceOrientationLandscapeLeft UIInterfaceOrientationLandscapeRight";
				LD_RUNPATH_SEARCH_PATHS = (
					"$(inherited)",
					"@executable_path/Frameworks",
				);
				MARKETING_VERSION = 1.0;
				PRODUCT_BUNDLE_IDENTIFIER = com.shifaa.SnapColorApp;
				PRODUCT_NAME = "$(TARGET_NAME)";
				SWIFT_EMIT_LOC_STRINGS = YES;
				SWIFT_VERSION = 5.0;
				TARGETED_DEVICE_FAMILY = "1,2";
			};
			name = Debug;
		};
		4308D0552970034800358708 /* Release */ = {
			isa = XCBuildConfiguration;
			buildSettings = {
				ASSETCATALOG_COMPILER_APPICON_NAME = AppIcon;
				ASSETCATALOG_COMPILER_GLOBAL_ACCENT_COLOR_NAME = AccentColor;
				CODE_SIGN_STYLE = Automatic;
				CURRENT_PROJECT_VERSION = 1;
				DEVELOPMENT_ASSET_PATHS = "\"SnapColorApp/Preview Content\"";
				DEVELOPMENT_TEAM = 2LVB7G8J3S;
				ENABLE_PREVIEWS = YES;
				GENERATE_INFOPLIST_FILE = YES;
				INFOPLIST_KEY_UIApplicationSceneManifest_Generation = YES;
				INFOPLIST_KEY_UIApplicationSupportsIndirectInputEvents = YES;
				INFOPLIST_KEY_UILaunchScreen_Generation = YES;
				INFOPLIST_KEY_UISupportedInterfaceOrientations_iPad = "UIInterfaceOrientationPortrait UIInterfaceOrientationPortraitUpsideDown UIInterfaceOrientationLandscapeLeft UIInterfaceOrientationLandscapeRight";
				INFOPLIST_KEY_UISupportedInterfaceOrientations_iPhone = "UIInterfaceOrientationPortrait UIInterfaceOrientationLandscapeLeft UIInterfaceOrientationLandscapeRight";
				LD_RUNPATH_SEARCH_PATHS = (
					"$(inherited)",
					"@executable_path/Frameworks",
				);
				MARKETING_VERSION = 1.0;
				PRODUCT_BUNDLE_IDENTIFIER = com.shifaa.SnapColorApp;
				PRODUCT_NAME = "$(TARGET_NAME)";
				SWIFT_EMIT_LOC_STRINGS = YES;
				SWIFT_VERSION = 5.0;
				TARGETED_DEVICE_FAMILY = "1,2";
			};
			name = Release;
		};
/* End XCBuildConfiguration section */

/* Begin XCConfigurationList section */
		4308D0402970034700358708 /* Build configuration list for PBXProject "SnapColorApp" */ = {
			isa = XCConfigurationList;
			buildConfigurations = (
				4308D0512970034800358708 /* Debug */,
				4308D0522970034800358708 /* Release */,
			);
			defaultConfigurationIsVisible = 0;
			defaultConfigurationName = Release;
		};
		4308D0532970034800358708 /* Build configuration list for PBXNativeTarget "SnapColorApp" */ = {
			isa = XCConfigurationList;
			buildConfigurations = (
				4308D0542970034800358708 /* Debug */,
				4308D0552970034800358708 /* Release */,
			);
			defaultConfigurationIsVisible = 0;
			defaultConfigurationName = Release;
		};
/* End XCConfigurationList section */
	};
	rootObject = 4308D03D2970034700358708 /* Project object */;
}
